<?xml version="1.0" encoding="utf-8"?>
<Project ToolsVersion="4.0" xmlns="http://schemas.microsoft.com/developer/msbuild/2003">
  <ItemGroup>
    <Filter Include="Source Files">
      <UniqueIdentifier>{4FC737F1-C7A5-4376-A066-2A32D752A2FF}</UniqueIdentifier>
      <Extensions>cpp;c;cc;cxx;c++;cppm;ixx;def;odl;idl;hpj;bat;asm;asmx</Extensions>
    </Filter>
    <Filter Include="Header Files">
      <UniqueIdentifier>{93995380-89BD-4b04-88EB-625FBE52EBFB}</UniqueIdentifier>
      <Extensions>h;hh;hpp;hxx;h++;hm;inl;inc;ipp;xsd</Extensions>
    </Filter>
    <Filter Include="Resource Files">
      <UniqueIdentifier>{67DA6AB6-F800-4c08-8B7A-83BB121AAD01}</UniqueIdentifier>
      <Extensions>rc;ico;cur;bmp;dlg;rc2;rct;bin;rgs;gif;jpg;jpeg;jpe;resx;tiff;tif;png;wav;mfcribbon-ms</Extensions>
    </Filter>
    <Filter Include="Header Files\SortingAlgos">
      <UniqueIdentifier>{57b5d8b3-f96a-476c-89fe-089f567d98f4}</UniqueIdentifier>
    </Filter>
    <Filter Include="Header Files\VisualizerComponents">
      <UniqueIdentifier>{fbc43918-03fa-40a9-8e13-e6e14d28702c}</UniqueIdentifier>
    </Filter>
    <Filter Include="Header Files\Ui">
      <UniqueIdentifier>{39dbbcf8-efd3-4679-9f38-403ad17a1296}</UniqueIdentifier>
    </Filter>
  </ItemGroup>
  <ItemGroup>
    <ClCompile Include="Main.cpp">
      <Filter>Source Files</Filter>
    </ClCompile>
  </ItemGroup>
  <ItemGroup>
    <ClInclude Include="BubbleSort.h">
      <Filter>Header Files\SortingAlgos</Filter>
    </ClInclude>
    <ClInclude Include="ISortingAlgo.h">
      <Filter>Header Files\SortingAlgos</Filter>
    </ClInclude>
    <ClInclude Include="SelectionSort.h">
      <Filter>Header Files\SortingAlgos</Filter>
    </ClInclude>
    <ClInclude Include="RectContainer.h">
      <Filter>Header Files\VisualizerComponents</Filter>
    </ClInclude>
    <ClInclude Include="SortableRect.h">
      <Filter>Header Files\VisualizerComponents</Filter>
    </ClInclude>
    <ClInclude Include="InsertionSort.h">
      <Filter>Header Files\SortingAlgos</Filter>
    </ClInclude>
    <ClInclude Include="Gui.h">
      <Filter>Header Files\Ui</Filter>
    </ClInclude>
    <ClInclude Include="SortingAlgoContainer.h">
      <Filter>Header Files\SortingAlgos</Filter>
    </ClInclude>
    <ClInclude Include="MergeSort.h">
      <Filter>Header Files\SortingAlgos</Filter>
    </ClInclude>
    <ClInclude Include="ShellSort.h">
      <Filter>Header Files\SortingAlgos</Filter>
    </ClInclude>
    <ClInclude Include="CountingSort.h">
      <Filter>Header Files\SortingAlgos</Filter>
    </ClInclude>
    <ClInclude Include="BucketSort.h">
      <Filter>Header Files\SortingAlgos</Filter>
    </ClInclude>
  </ItemGroup>
</Project>